
Microsoft Visual Studio Solution File, Format Version 12.00
# Visual Studio Version 17
VisualStudioVersion = 17.0.32112.339
MinimumVisualStudioVersion = 10.0.40219.1
Project("{2150E333-8FDC-42A3-9474-1A3956D46DE8}") = "1-Presentation", "1-Presentation", "{554F1055-184A-4984-839A-B2F92F6BE708}"
EndProject
Project("{2150E333-8FDC-42A3-9474-1A3956D46DE8}") = "2-Application", "2-Application", "{34A2920F-4286-4BE0-89DF-827777FAB589}"
EndProject
Project("{2150E333-8FDC-42A3-9474-1A3956D46DE8}") = "3-Domain", "3-Domain", "{0EEF48AD-1536-4D83-856E-B24D27DA1AFD}"
EndProject
Project("{2150E333-8FDC-42A3-9474-1A3956D46DE8}") = "4-Infra", "4-Infra", "{E89DF424-A585-422E-8A83-BC4D2CE2A7E2}"
EndProject
Project("{2150E333-8FDC-42A3-9474-1A3956D46DE8}") = "5-Entities", "5-Entities", "{3E7B90FC-CF15-4047-834D-3696059BAA72}"
EndProject
Project("{FAE04EC0-301F-11D3-BF4B-00C04F79EFBC}") = "Entities", "Entities\Entities.csproj", "{18601A38-B3CE-47FC-A198-C1F047F3A729}"
EndProject
Project("{FAE04EC0-301F-11D3-BF4B-00C04F79EFBC}") = "Infrastructure", "Infrastructure\Infrastructure.csproj", "{51ABD604-1AAA-449C-A78F-74BD400719CB}"
EndProject
Project("{FAE04EC0-301F-11D3-BF4B-00C04F79EFBC}") = "Domain", "Domain\Domain.csproj", "{3BAC3B8F-BF61-4E50-B779-6414D7A4355F}"
EndProject
Project("{FAE04EC0-301F-11D3-BF4B-00C04F79EFBC}") = "ApplicationApp", "ApplicationApp\ApplicationApp.csproj", "{8B9F870E-2B06-4A90-AD56-8030DE2A9564}"
EndProject
Global
	GlobalSection(SolutionConfigurationPlatforms) = preSolution
		Debug|Any CPU = Debug|Any CPU
		Release|Any CPU = Release|Any CPU
	EndGlobalSection
	GlobalSection(ProjectConfigurationPlatforms) = postSolution
		{18601A38-B3CE-47FC-A198-C1F047F3A729}.Debug|Any CPU.ActiveCfg = Debug|Any CPU
		{18601A38-B3CE-47FC-A198-C1F047F3A729}.Debug|Any CPU.Build.0 = Debug|Any CPU
		{18601A38-B3CE-47FC-A198-C1F047F3A729}.Release|Any CPU.ActiveCfg = Release|Any CPU
		{18601A38-B3CE-47FC-A198-C1F047F3A729}.Release|Any CPU.Build.0 = Release|Any CPU
		{51ABD604-1AAA-449C-A78F-74BD400719CB}.Debug|Any CPU.ActiveCfg = Debug|Any CPU
		{51ABD604-1AAA-449C-A78F-74BD400719CB}.Debug|Any CPU.Build.0 = Debug|Any CPU
		{51ABD604-1AAA-449C-A78F-74BD400719CB}.Release|Any CPU.ActiveCfg = Release|Any CPU
		{51ABD604-1AAA-449C-A78F-74BD400719CB}.Release|Any CPU.Build.0 = Release|Any CPU
		{3BAC3B8F-BF61-4E50-B779-6414D7A4355F}.Debug|Any CPU.ActiveCfg = Debug|Any CPU
		{3BAC3B8F-BF61-4E50-B779-6414D7A4355F}.Debug|Any CPU.Build.0 = Debug|Any CPU
		{3BAC3B8F-BF61-4E50-B779-6414D7A4355F}.Release|Any CPU.ActiveCfg = Release|Any CPU
		{3BAC3B8F-BF61-4E50-B779-6414D7A4355F}.Release|Any CPU.Build.0 = Release|Any CPU
		{8B9F870E-2B06-4A90-AD56-8030DE2A9564}.Debug|Any CPU.ActiveCfg = Debug|Any CPU
		{8B9F870E-2B06-4A90-AD56-8030DE2A9564}.Debug|Any CPU.Build.0 = Debug|Any CPU
		{8B9F870E-2B06-4A90-AD56-8030DE2A9564}.Release|Any CPU.ActiveCfg = Release|Any CPU
		{8B9F870E-2B06-4A90-AD56-8030DE2A9564}.Release|Any CPU.Build.0 = Release|Any CPU
	EndGlobalSection
	GlobalSection(SolutionProperties) = preSolution
		HideSolutionNode = FALSE
	EndGlobalSection
	GlobalSection(NestedProjects) = preSolution
		{18601A38-B3CE-47FC-A198-C1F047F3A729} = {3E7B90FC-CF15-4047-834D-3696059BAA72}
		{51ABD604-1AAA-449C-A78F-74BD400719CB} = {E89DF424-A585-422E-8A83-BC4D2CE2A7E2}
		{3BAC3B8F-BF61-4E50-B779-6414D7A4355F} = {0EEF48AD-1536-4D83-856E-B24D27DA1AFD}
		{8B9F870E-2B06-4A90-AD56-8030DE2A9564} = {34A2920F-4286-4BE0-89DF-827777FAB589}
	EndGlobalSection
	GlobalSection(ExtensibilityGlobals) = postSolution
		SolutionGuid = {816C7183-562E-4479-9030-2EA604B79FDB}
	EndGlobalSection
EndGlobal
